
Microsoft Visual Studio Solution File, Format Version 12.00
# Visual Studio Version 17
VisualStudioVersion = 17.3.32819.101
MinimumVisualStudioVersion = 10.0.40219.1
Project("{FAE04EC0-301F-11D3-BF4B-00C04F79EFBC}") = "FutureValue", "FutureValue.csproj", "{82541800-80C9-4005-A015-C5A23AB157B5}"
EndProject
Global
	GlobalSection(SolutionConfigurationPlatforms) = preSolution
		Debug|Any CPU = Debug|Any CPU
		Release|Any CPU = Release|Any CPU
	EndGlobalSection
	GlobalSection(ProjectConfigurationPlatforms) = postSolution
		{82541800-80C9-4005-A015-C5A23AB157B5}.Debug|Any CPU.ActiveCfg = Debug|Any CPU
		{82541800-80C9-4005-A015-C5A23AB157B5}.Debug|Any CPU.Build.0 = Debug|Any CPU
		{82541800-80C9-4005-A015-C5A23AB157B5}.Release|Any CPU.ActiveCfg = Release|Any CPU
		{82541800-80C9-4005-A015-C5A23AB157B5}.Release|Any CPU.Build.0 = Release|Any CPU
	EndGlobalSection
	GlobalSection(SolutionProperties) = preSolution
		HideSolutionNode = FALSE
	EndGlobalSection
	GlobalSection(ExtensibilityGlobals) = postSolution
		SolutionGuid = {B857737C-2F87-493C-8B3D-25F50E2B0360}
	EndGlobalSection
EndGlobal
